
Microsoft Visual Studio Solution File, Format Version 12.00
# Visual Studio Version 17
VisualStudioVersion = 17.11.35222.181
MinimumVisualStudioVersion = 10.0.40219.1
Project("{FAE04EC0-301F-11D3-BF4B-00C04F79EFBC}") = "EmployeeTask", "EmployeeTask\EmployeeTask.csproj", "{8578E746-311B-4BD8-BB60-54622C202910}"
EndProject
Global
	GlobalSection(SolutionConfigurationPlatforms) = preSolution
		Debug|Any CPU = Debug|Any CPU
		Release|Any CPU = Release|Any CPU
	EndGlobalSection
	GlobalSection(ProjectConfigurationPlatforms) = postSolution
		{8578E746-311B-4BD8-BB60-54622C202910}.Debug|Any CPU.ActiveCfg = Debug|Any CPU
		{8578E746-311B-4BD8-BB60-54622C202910}.Debug|Any CPU.Build.0 = Debug|Any CPU
		{8578E746-311B-4BD8-BB60-54622C202910}.Release|Any CPU.ActiveCfg = Release|Any CPU
		{8578E746-311B-4BD8-BB60-54622C202910}.Release|Any CPU.Build.0 = Release|Any CPU
	EndGlobalSection
	GlobalSection(SolutionProperties) = preSolution
		HideSolutionNode = FALSE
	EndGlobalSection
	GlobalSection(ExtensibilityGlobals) = postSolution
		SolutionGuid = {EF64E113-6FBC-424F-B2A9-F58D44DE9900}
	EndGlobalSection
EndGlobal
